// !$*UTF8*$!
{
	archiveVersion = 1;
	classes = {
	};
	objectVersion = 50;
	objects = {

/* Begin PBXBuildFile section */
		D905F5E52642614D00D733D8 /* imageDAL.swift in Sources */ = {isa = PBXBuildFile; fileRef = D905F5E42642614D00D733D8 /* imageDAL.swift */; };
		D905F5E726426EC400D733D8 /* UIImageExtension.swift in Sources */ = {isa = PBXBuildFile; fileRef = D905F5E626426EC400D733D8 /* UIImageExtension.swift */; };
		D97769632642454900695A50 /* AppDelegate.swift in Sources */ = {isa = PBXBuildFile; fileRef = D97769622642454900695A50 /* AppDelegate.swift */; };
		D97769652642454900695A50 /* ViewController.swift in Sources */ = {isa = PBXBuildFile; fileRef = D97769642642454900695A50 /* ViewController.swift */; };
		D97769682642454900695A50 /* Main.storyboard in Resources */ = {isa = PBXBuildFile; fileRef = D97769662642454900695A50 /* Main.storyboard */; };
		D977696A2642454900695A50 /* Assets.xcassets in Resources */ = {isa = PBXBuildFile; fileRef = D97769692642454900695A50 /* Assets.xcassets */; };
		D977696D2642454900695A50 /* LaunchScreen.storyboard in Resources */ = {isa = PBXBuildFile; fileRef = D977696B2642454900695A50 /* LaunchScreen.storyboard */; };
		D97769762642458100695A50 /* sqloc.m in Sources */ = {isa = PBXBuildFile; fileRef = D97769752642458100695A50 /* sqloc.m */; };
		D9776979264245C200695A50 /* libsqlite3.tbd in Frameworks */ = {isa = PBXBuildFile; fileRef = D9776978264245C100695A50 /* libsqlite3.tbd */; };
		D977697B264245ED00695A50 /* sqllite.swift in Sources */ = {isa = PBXBuildFile; fileRef = D977697A264245ED00695A50 /* sqllite.swift */; };
/* End PBXBuildFile section */

/* Begin PBXFileReference section */
		D905F5E42642614D00D733D8 /* imageDAL.swift */ = {isa = PBXFileReference; lastKnownFileType = sourcecode.swift; path = imageDAL.swift; sourceTree = "<group>"; };
		D905F5E626426EC400D733D8 /* UIImageExtension.swift */ = {isa = PBXFileReference; lastKnownFileType = sourcecode.swift; path = UIImageExtension.swift; sourceTree = "<group>"; };
		D977695F2642454900695A50 /* truehomework9_2.app */ = {isa = PBXFileReference; explicitFileType = wrapper.application; includeInIndex = 0; path = truehomework9_2.app; sourceTree = BUILT_PRODUCTS_DIR; };
		D97769622642454900695A50 /* AppDelegate.swift */ = {isa = PBXFileReference; lastKnownFileType = sourcecode.swift; path = AppDelegate.swift; sourceTree = "<group>"; };
		D97769642642454900695A50 /* ViewController.swift */ = {isa = PBXFileReference; lastKnownFileType = sourcecode.swift; path = ViewController.swift; sourceTree = "<group>"; };
		D97769672642454900695A50 /* Base */ = {isa = PBXFileReference; lastKnownFileType = file.storyboard; name = Base; path = Base.lproj/Main.storyboard; sourceTree = "<group>"; };
		D97769692642454900695A50 /* Assets.xcassets */ = {isa = PBXFileReference; lastKnownFileType = folder.assetcatalog; path = Assets.xcassets; sourceTree = "<group>"; };
		D977696C2642454900695A50 /* Base */ = {isa = PBXFileReference; lastKnownFileType = file.storyboard; name = Base; path = Base.lproj/LaunchScreen.storyboard; sourceTree = "<group>"; };
		D977696E2642454900695A50 /* Info.plist */ = {isa = PBXFileReference; lastKnownFileType = text.plist.xml; path = Info.plist; sourceTree = "<group>"; };
		D97769742642458000695A50 /* truehomework9_2-Bridging-Header.h */ = {isa = PBXFileReference; lastKnownFileType = sourcecode.c.h; path = "truehomework9_2-Bridging-Header.h"; sourceTree = "<group>"; };
		D97769752642458100695A50 /* sqloc.m */ = {isa = PBXFileReference; lastKnownFileType = sourcecode.c.objc; path = sqloc.m; sourceTree = "<group>"; };
		D9776978264245C100695A50 /* libsqlite3.tbd */ = {isa = PBXFileReference; lastKnownFileType = "sourcecode.text-based-dylib-definition"; name = libsqlite3.tbd; path = usr/lib/libsqlite3.tbd; sourceTree = SDKROOT; };
		D977697A264245ED00695A50 /* sqllite.swift */ = {isa = PBXFileReference; lastKnownFileType = sourcecode.swift; path = sqllite.swift; sourceTree = "<group>"; };
/* End PBXFileReference section */

/* Begin PBXFrameworksBuildPhase section */
		D977695C2642454900695A50 /* Frameworks */ = {
			isa = PBXFrameworksBuildPhase;
			buildActionMask = 2147483647;
			files = (
				D9776979264245C200695A50 /* libsqlite3.tbd in Frameworks */,
			);
			runOnlyForDeploymentPostprocessing = 0;
		};
/* End PBXFrameworksBuildPhase section */

/* Begin PBXGroup section */
		D97769562642454900695A50 = {
			isa = PBXGroup;
			children = (
				D97769612642454900695A50 /* truehomework9_2 */,
				D97769602642454900695A50 /* Products */,
				D9776977264245C100695A50 /* Frameworks */,
			);
			sourceTree = "<group>";
		};
		D97769602642454900695A50 /* Products */ = {
			isa = PBXGroup;
			children = (
				D977695F2642454900695A50 /* truehomework9_2.app */,
			);
			name = Products;
			sourceTree = "<group>";
		};
		D97769612642454900695A50 /* truehomework9_2 */ = {
			isa = PBXGroup;
			children = (
				D97769622642454900695A50 /* AppDelegate.swift */,
				D97769642642454900695A50 /* ViewController.swift */,
				D97769662642454900695A50 /* Main.storyboard */,
				D905F5E626426EC400D733D8 /* UIImageExtension.swift */,
				D97769692642454900695A50 /* Assets.xcassets */,
				D977696B2642454900695A50 /* LaunchScreen.storyboard */,
				D977696E2642454900695A50 /* Info.plist */,
				D97769752642458100695A50 /* sqloc.m */,
				D97769742642458000695A50 /* truehomework9_2-Bridging-Header.h */,
				D977697A264245ED00695A50 /* sqllite.swift */,
				D905F5E42642614D00D733D8 /* imageDAL.swift */,
			);
			path = truehomework9_2;
			sourceTree = "<group>";
		};
		D9776977264245C100695A50 /* Frameworks */ = {
			isa = PBXGroup;
			children = (
				D9776978264245C100695A50 /* libsqlite3.tbd */,
			);
			name = Frameworks;
			sourceTree = "<group>";
		};
/* End PBXGroup section */

/* Begin PBXNativeTarget section */
		D977695E2642454900695A50 /* truehomework9_2 */ = {
			isa = PBXNativeTarget;
			buildConfigurationList = D97769712642454900695A50 /* Build configuration list for PBXNativeTarget "truehomework9_2" */;
			buildPhases = (
				D977695B2642454900695A50 /* Sources */,
				D977695C2642454900695A50 /* Frameworks */,
				D977695D2642454900695A50 /* Resources */,
			);
			buildRules = (
			);
			dependencies = (
			);
			name = truehomework9_2;
			productName = truehomework9_2;
			productReference = D977695F2642454900695A50 /* truehomework9_2.app */;
			productType = "com.apple.product-type.application";
		};
/* End PBXNativeTarget section */

/* Begin PBXProject section */
		D97769572642454900695A50 /* Project object */ = {
			isa = PBXProject;
			attributes = {
				LastSwiftUpdateCheck = 1010;
				LastUpgradeCheck = 1010;
				ORGANIZATIONNAME = 0commander;
				TargetAttributes = {
					D977695E2642454900695A50 = {
						CreatedOnToolsVersion = 10.1;
						LastSwiftMigration = 1010;
					};
				};
			};
			buildConfigurationList = D977695A2642454900695A50 /* Build configuration list for PBXProject "truehomework9_2" */;
			compatibilityVersion = "Xcode 9.3";
			developmentRegion = en;
			hasScannedForEncodings = 0;
			knownRegions = (
				en,
				Base,
			);
			mainGroup = D97769562642454900695A50;
			productRefGroup = D97769602642454900695A50 /* Products */;
			projectDirPath = "";
			projectRoot = "";
			targets = (
				D977695E2642454900695A50 /* truehomework9_2 */,
			);
		};
/* End PBXProject section */

/* Begin PBXResourcesBuildPhase section */
		D977695D2642454900695A50 /* Resources */ = {
			isa = PBXResourcesBuildPhase;
			buildActionMask = 2147483647;
			files = (
				D977696D2642454900695A50 /* LaunchScreen.storyboard in Resources */,
				D977696A2642454900695A50 /* Assets.xcassets in Resources */,
				D97769682642454900695A50 /* Main.storyboard in Resources */,
			);
			runOnlyForDeploymentPostprocessing = 0;
		};
/* End PBXResourcesBuildPhase section */

/* Begin PBXSourcesBuildPhase section */
		D977695B2642454900695A50 /* Sources */ = {
			isa = PBXSourcesBuildPhase;
			buildActionMask = 2147483647;
			files = (
				D97769762642458100695A50 /* sqloc.m in Sources */,
				D97769652642454900695A50 /* ViewController.swift in Sources */,
				D977697B264245ED00695A50 /* sqllite.swift in Sources */,
				D97769632642454900695A50 /* AppDelegate.swift in Sources */,
				D905F5E52642614D00D733D8 /* imageDAL.swift in Sources */,
				D905F5E726426EC400D733D8 /* UIImageExtension.swift in Sources */,
			);
			runOnlyForDeploymentPostprocessing = 0;
		};
/* End PBXSourcesBuildPhase section */

/* Begin PBXVariantGroup section */
		D97769662642454900695A50 /* Main.storyboard */ = {
			isa = PBXVariantGroup;
			children = (
				D97769672642454900695A50 /* Base */,
			);
			name = Main.storyboard;
			sourceTree = "<group>";
		};
		D977696B2642454900695A50 /* LaunchScreen.storyboard */ = {
			isa = PBXVariantGroup;
			children = (
				D977696C2642454900695A50 /* Base */,
			);
			name = LaunchScreen.storyboard;
			sourceTree = "<group>";
		};
/* End PBXVariantGroup section */

/* Begin XCBuildConfiguration section */
		D977696F2642454900695A50 /* Debug */ = {
			isa = XCBuildConfiguration;
			buildSettings = {
				ALWAYS_SEARCH_USER_PATHS = NO;
				CLANG_ANALYZER_NONNULL = YES;
				CLANG_ANALYZER_NUMBER_OBJECT_CONVERSION = YES_AGGRESSIVE;
				CLANG_CXX_LANGUAGE_STANDARD = "gnu++14";
				CLANG_CXX_LIBRARY = "libc++";
				CLANG_ENABLE_MODULES = YES;
				CLANG_ENABLE_OBJC_ARC = YES;
				CLANG_ENABLE_OBJC_WEAK = YES;
				CLANG_WARN_BLOCK_CAPTURE_AUTORELEASING = YES;
				CLANG_WARN_BOOL_CONVERSION = YES;
				CLANG_WARN_COMMA = YES;
				CLANG_WARN_CONSTANT_CONVERSION = YES;
				CLANG_WARN_DEPRECATED_OBJC_IMPLEMENTATIONS = YES;
				CLANG_WARN_DIRECT_OBJC_ISA_USAGE = YES_ERROR;
				CLANG_WARN_DOCUMENTATION_COMMENTS = YES;
				CLANG_WARN_EMPTY_BODY = YES;
				CLANG_WARN_ENUM_CONVERSION = YES;
				CLANG_WARN_INFINITE_RECURSION = YES;
				CLANG_WARN_INT_CONVERSION = YES;
				CLANG_WARN_NON_LITERAL_NULL_CONVERSION = YES;
				CLANG_WARN_OBJC_IMPLICIT_RETAIN_SELF = YES;
				CLANG_WARN_OBJC_LITERAL_CONVERSION = YES;
				CLANG_WARN_OBJC_ROOT_CLASS = YES_ERROR;
				CLANG_WARN_RANGE_LOOP_ANALYSIS = YES;
				CLANG_WARN_STRICT_PROTOTYPES = YES;
				CLANG_WARN_SUSPICIOUS_MOVE = YES;
				CLANG_WARN_UNGUARDED_AVAILABILITY = YES_AGGRESSIVE;
				CLANG_WARN_UNREACHABLE_CODE = YES;
				CLANG_WARN__DUPLICATE_METHOD_MATCH = YES;
				CODE_SIGN_IDENTITY = "iPhone Developer";
				COPY_PHASE_STRIP = NO;
				DEBUG_INFORMATION_FORMAT = dwarf;
				ENABLE_STRICT_OBJC_MSGSEND = YES;
				ENABLE_TESTABILITY = YES;
				GCC_C_LANGUAGE_STANDARD = gnu11;
				GCC_DYNAMIC_NO_PIC = NO;
				GCC_NO_COMMON_BLOCKS = YES;
				GCC_OPTIMIZATION_LEVEL = 0;
				GCC_PREPROCESSOR_DEFINITIONS = (
					"DEBUG=1",
					"$(inherited)",
				);
				GCC_WARN_64_TO_32_BIT_CONVERSION = YES;
				GCC_WARN_ABOUT_RETURN_TYPE = YES_ERROR;
				GCC_WARN_UNDECLARED_SELECTOR = YES;
				GCC_WARN_UNINITIALIZED_AUTOS = YES_AGGRESSIVE;
				GCC_WARN_UNUSED_FUNCTION = YES;
				GCC_WARN_UNUSED_VARIABLE = YES;
				IPHONEOS_DEPLOYMENT_TARGET = 12.1;
				MTL_ENABLE_DEBUG_INFO = INCLUDE_SOURCE;
				MTL_FAST_MATH = YES;
				ONLY_ACTIVE_ARCH = YES;
				SDKROOT = iphoneos;
				SWIFT_ACTIVE_COMPILATION_CONDITIONS = DEBUG;
				SWIFT_OPTIMIZATION_LEVEL = "-Onone";
			};
			name = Debug;
		};
		D97769702642454900695A50 /* Release */ = {
			isa = XCBuildConfiguration;
			buildSettings = {
				ALWAYS_SEARCH_USER_PATHS = NO;
				CLANG_ANALYZER_NONNULL = YES;
				CLANG_ANALYZER_NUMBER_OBJECT_CONVERSION = YES_AGGRESSIVE;
				CLANG_CXX_LANGUAGE_STANDARD = "gnu++14";
				CLANG_CXX_LIBRARY = "libc++";
				CLANG_ENABLE_MODULES = YES;
				CLANG_ENABLE_OBJC_ARC = YES;
				CLANG_ENABLE_OBJC_WEAK = YES;
				CLANG_WARN_BLOCK_CAPTURE_AUTORELEASING = YES;
				CLANG_WARN_BOOL_CONVERSION = YES;
				CLANG_WARN_COMMA = YES;
				CLANG_WARN_CONSTANT_CONVERSION = YES;
				CLANG_WARN_DEPRECATED_OBJC_IMPLEMENTATIONS = YES;
				CLANG_WARN_DIRECT_OBJC_ISA_USAGE = YES_ERROR;
				CLANG_WARN_DOCUMENTATION_COMMENTS = YES;
				CLANG_WARN_EMPTY_BODY = YES;
				CLANG_WARN_ENUM_CONVERSION = YES;
				CLANG_WARN_INFINITE_RECURSION = YES;
				CLANG_WARN_INT_CONVERSION = YES;
				CLANG_WARN_NON_LITERAL_NULL_CONVERSION = YES;
				CLANG_WARN_OBJC_IMPLICIT_RETAIN_SELF = YES;
				CLANG_WARN_OBJC_LITERAL_CONVERSION = YES;
				CLANG_WARN_OBJC_ROOT_CLASS = YES_ERROR;
				CLANG_WARN_RANGE_LOOP_ANALYSIS = YES;
				CLANG_WARN_STRICT_PROTOTYPES = YES;
				CLANG_WARN_SUSPICIOUS_MOVE = YES;
				CLANG_WARN_UNGUARDED_AVAILABILITY = YES_AGGRESSIVE;
				CLANG_WARN_UNREACHABLE_CODE = YES;
				CLANG_WARN__DUPLICATE_METHOD_MATCH = YES;
				CODE_SIGN_IDENTITY = "iPhone Developer";
				COPY_PHASE_STRIP = NO;
				DEBUG_INFORMATION_FORMAT = "dwarf-with-dsym";
				ENABLE_NS_ASSERTIONS = NO;
				ENABLE_STRICT_OBJC_MSGSEND = YES;
				GCC_C_LANGUAGE_STANDARD = gnu11;
				GCC_NO_COMMON_BLOCKS = YES;
				GCC_WARN_64_TO_32_BIT_CONVERSION = YES;
				GCC_WARN_ABOUT_RETURN_TYPE = YES_ERROR;
				GCC_WARN_UNDECLARED_SELECTOR = YES;
				GCC_WARN_UNINITIALIZED_AUTOS = YES_AGGRESSIVE;
				GCC_WARN_UNUSED_FUNCTION = YES;
				GCC_WARN_UNUSED_VARIABLE = YES;
				IPHONEOS_DEPLOYMENT_TARGET = 12.1;
				MTL_ENABLE_DEBUG_INFO = NO;
				MTL_FAST_MATH = YES;
				SDKROOT = iphoneos;
				SWIFT_COMPILATION_MODE = wholemodule;
				SWIFT_OPTIMIZATION_LEVEL = "-O";
				VALIDATE_PRODUCT = YES;
			};
			name = Release;
		};
		D97769722642454900695A50 /* Debug */ = {
			isa = XCBuildConfiguration;
			buildSettings = {
				ASSETCATALOG_COMPILER_APPICON_NAME = AppIcon;
				CLANG_ENABLE_MODULES = YES;
				CODE_SIGN_STYLE = Automatic;
				DEVELOPMENT_TEAM = TSTJGR456H;
				INFOPLIST_FILE = truehomework9_2/Info.plist;
				LD_RUNPATH_SEARCH_PATHS = (
					"$(inherited)",
					"@executable_path/Frameworks",
				);
				PRODUCT_BUNDLE_IDENTIFIER = "mjw.truehomework9-2";
				PRODUCT_NAME = "$(TARGET_NAME)";
				SWIFT_OBJC_BRIDGING_HEADER = "truehomework9_2/truehomework9_2-Bridging-Header.h";
				SWIFT_OPTIMIZATION_LEVEL = "-Onone";
				SWIFT_VERSION = 4.2;
				TARGETED_DEVICE_FAMILY = "1,2";
			};
			name = Debug;
		};
		D97769732642454900695A50 /* Release */ = {
			isa = XCBuildConfiguration;
			buildSettings = {
				ASSETCATALOG_COMPILER_APPICON_NAME = AppIcon;
				CLANG_ENABLE_MODULES = YES;
				CODE_SIGN_STYLE = Automatic;
				DEVELOPMENT_TEAM = TSTJGR456H;
				INFOPLIST_FILE = truehomework9_2/Info.plist;
				LD_RUNPATH_SEARCH_PATHS = (
					"$(inherited)",
					"@executable_path/Frameworks",
				);
				PRODUCT_BUNDLE_IDENTIFIER = "mjw.truehomework9-2";
				PRODUCT_NAME = "$(TARGET_NAME)";
				SWIFT_OBJC_BRIDGING_HEADER = "truehomework9_2/truehomework9_2-Bridging-Header.h";
				SWIFT_VERSION = 4.2;
				TARGETED_DEVICE_FAMILY = "1,2";
			};
			name = Release;
		};
/* End XCBuildConfiguration section */

/* Begin XCConfigurationList section */
		D977695A2642454900695A50 /* Build configuration list for PBXProject "truehomework9_2" */ = {
			isa = XCConfigurationList;
			buildConfigurations = (
				D977696F2642454900695A50 /* Debug */,
				D97769702642454900695A50 /* Release */,
			);
			defaultConfigurationIsVisible = 0;
			defaultConfigurationName = Release;
		};
		D97769712642454900695A50 /* Build configuration list for PBXNativeTarget "truehomework9_2" */ = {
			isa = XCConfigurationList;
			buildConfigurations = (
				D97769722642454900695A50 /* Debug */,
				D97769732642454900695A50 /* Release */,
			);
			defaultConfigurationIsVisible = 0;
			defaultConfigurationName = Release;
		};
/* End XCConfigurationList section */
	};
	rootObject = D97769572642454900695A50 /* Project object */;
}
