// !$*UTF8*$!
{
	archiveVersion = 1;
	classes = {
	};
	objectVersion = 50;
	objects = {

/* Begin PBXBuildFile section */
		D9DAAEC72647CC7F002F2724 /* AppDelegate.swift in Sources */ = {isa = PBXBuildFile; fileRef = D9DAAEC62647CC7F002F2724 /* AppDelegate.swift */; };
		D9DAAEC92647CC7F002F2724 /* ViewController.swift in Sources */ = {isa = PBXBuildFile; fileRef = D9DAAEC82647CC7F002F2724 /* ViewController.swift */; };
		D9DAAECC2647CC7F002F2724 /* Main.storyboard in Resources */ = {isa = PBXBuildFile; fileRef = D9DAAECA2647CC7F002F2724 /* Main.storyboard */; };
		D9DAAECE2647CC81002F2724 /* Assets.xcassets in Resources */ = {isa = PBXBuildFile; fileRef = D9DAAECD2647CC81002F2724 /* Assets.xcassets */; };
		D9DAAED12647CC81002F2724 /* LaunchScreen.storyboard in Resources */ = {isa = PBXBuildFile; fileRef = D9DAAECF2647CC81002F2724 /* LaunchScreen.storyboard */; };
		D9DAAEDB2647D8A2002F2724 /* File.swift in Sources */ = {isa = PBXBuildFile; fileRef = D9DAAEDA2647D8A2002F2724 /* File.swift */; };
/* End PBXBuildFile section */

/* Begin PBXFileReference section */
		D9DAAEC32647CC7F002F2724 /* homework10_2.app */ = {isa = PBXFileReference; explicitFileType = wrapper.application; includeInIndex = 0; path = homework10_2.app; sourceTree = BUILT_PRODUCTS_DIR; };
		D9DAAEC62647CC7F002F2724 /* AppDelegate.swift */ = {isa = PBXFileReference; lastKnownFileType = sourcecode.swift; path = AppDelegate.swift; sourceTree = "<group>"; };
		D9DAAEC82647CC7F002F2724 /* ViewController.swift */ = {isa = PBXFileReference; lastKnownFileType = sourcecode.swift; path = ViewController.swift; sourceTree = "<group>"; };
		D9DAAECB2647CC7F002F2724 /* Base */ = {isa = PBXFileReference; lastKnownFileType = file.storyboard; name = Base; path = Base.lproj/Main.storyboard; sourceTree = "<group>"; };
		D9DAAECD2647CC81002F2724 /* Assets.xcassets */ = {isa = PBXFileReference; lastKnownFileType = folder.assetcatalog; path = Assets.xcassets; sourceTree = "<group>"; };
		D9DAAED02647CC81002F2724 /* Base */ = {isa = PBXFileReference; lastKnownFileType = file.storyboard; name = Base; path = Base.lproj/LaunchScreen.storyboard; sourceTree = "<group>"; };
		D9DAAED22647CC81002F2724 /* Info.plist */ = {isa = PBXFileReference; lastKnownFileType = text.plist.xml; path = Info.plist; sourceTree = "<group>"; };
		D9DAAEDA2647D8A2002F2724 /* File.swift */ = {isa = PBXFileReference; lastKnownFileType = sourcecode.swift; path = File.swift; sourceTree = "<group>"; };
/* End PBXFileReference section */

/* Begin PBXFrameworksBuildPhase section */
		D9DAAEC02647CC7F002F2724 /* Frameworks */ = {
			isa = PBXFrameworksBuildPhase;
			buildActionMask = 2147483647;
			files = (
			);
			runOnlyForDeploymentPostprocessing = 0;
		};
/* End PBXFrameworksBuildPhase section */

/* Begin PBXGroup section */
		D9DAAEBA2647CC7F002F2724 = {
			isa = PBXGroup;
			children = (
				D9DAAEC52647CC7F002F2724 /* homework10_2 */,
				D9DAAEC42647CC7F002F2724 /* Products */,
			);
			sourceTree = "<group>";
		};
		D9DAAEC42647CC7F002F2724 /* Products */ = {
			isa = PBXGroup;
			children = (
				D9DAAEC32647CC7F002F2724 /* homework10_2.app */,
			);
			name = Products;
			sourceTree = "<group>";
		};
		D9DAAEC52647CC7F002F2724 /* homework10_2 */ = {
			isa = PBXGroup;
			children = (
				D9DAAEDA2647D8A2002F2724 /* File.swift */,
				D9DAAEC62647CC7F002F2724 /* AppDelegate.swift */,
				D9DAAEC82647CC7F002F2724 /* ViewController.swift */,
				D9DAAECA2647CC7F002F2724 /* Main.storyboard */,
				D9DAAECD2647CC81002F2724 /* Assets.xcassets */,
				D9DAAECF2647CC81002F2724 /* LaunchScreen.storyboard */,
				D9DAAED22647CC81002F2724 /* Info.plist */,
			);
			path = homework10_2;
			sourceTree = "<group>";
		};
/* End PBXGroup section */

/* Begin PBXNativeTarget section */
		D9DAAEC22647CC7F002F2724 /* homework10_2 */ = {
			isa = PBXNativeTarget;
			buildConfigurationList = D9DAAED52647CC81002F2724 /* Build configuration list for PBXNativeTarget "homework10_2" */;
			buildPhases = (
				D9DAAEBF2647CC7F002F2724 /* Sources */,
				D9DAAEC02647CC7F002F2724 /* Frameworks */,
				D9DAAEC12647CC7F002F2724 /* Resources */,
			);
			buildRules = (
			);
			dependencies = (
			);
			name = homework10_2;
			productName = homework10_2;
			productReference = D9DAAEC32647CC7F002F2724 /* homework10_2.app */;
			productType = "com.apple.product-type.application";
		};
/* End PBXNativeTarget section */

/* Begin PBXProject section */
		D9DAAEBB2647CC7F002F2724 /* Project object */ = {
			isa = PBXProject;
			attributes = {
				LastSwiftUpdateCheck = 1010;
				LastUpgradeCheck = 1010;
				ORGANIZATIONNAME = 0commander;
				TargetAttributes = {
					D9DAAEC22647CC7F002F2724 = {
						CreatedOnToolsVersion = 10.1;
					};
				};
			};
			buildConfigurationList = D9DAAEBE2647CC7F002F2724 /* Build configuration list for PBXProject "homework10_2" */;
			compatibilityVersion = "Xcode 9.3";
			developmentRegion = en;
			hasScannedForEncodings = 0;
			knownRegions = (
				en,
				Base,
			);
			mainGroup = D9DAAEBA2647CC7F002F2724;
			productRefGroup = D9DAAEC42647CC7F002F2724 /* Products */;
			projectDirPath = "";
			projectRoot = "";
			targets = (
				D9DAAEC22647CC7F002F2724 /* homework10_2 */,
			);
		};
/* End PBXProject section */

/* Begin PBXResourcesBuildPhase section */
		D9DAAEC12647CC7F002F2724 /* Resources */ = {
			isa = PBXResourcesBuildPhase;
			buildActionMask = 2147483647;
			files = (
				D9DAAED12647CC81002F2724 /* LaunchScreen.storyboard in Resources */,
				D9DAAECE2647CC81002F2724 /* Assets.xcassets in Resources */,
				D9DAAECC2647CC7F002F2724 /* Main.storyboard in Resources */,
			);
			runOnlyForDeploymentPostprocessing = 0;
		};
/* End PBXResourcesBuildPhase section */

/* Begin PBXSourcesBuildPhase section */
		D9DAAEBF2647CC7F002F2724 /* Sources */ = {
			isa = PBXSourcesBuildPhase;
			buildActionMask = 2147483647;
			files = (
				D9DAAEC92647CC7F002F2724 /* ViewController.swift in Sources */,
				D9DAAEDB2647D8A2002F2724 /* File.swift in Sources */,
				D9DAAEC72647CC7F002F2724 /* AppDelegate.swift in Sources */,
			);
			runOnlyForDeploymentPostprocessing = 0;
		};
/* End PBXSourcesBuildPhase section */

/* Begin PBXVariantGroup section */
		D9DAAECA2647CC7F002F2724 /* Main.storyboard */ = {
			isa = PBXVariantGroup;
			children = (
				D9DAAECB2647CC7F002F2724 /* Base */,
			);
			name = Main.storyboard;
			sourceTree = "<group>";
		};
		D9DAAECF2647CC81002F2724 /* LaunchScreen.storyboard */ = {
			isa = PBXVariantGroup;
			children = (
				D9DAAED02647CC81002F2724 /* Base */,
			);
			name = LaunchScreen.storyboard;
			sourceTree = "<group>";
		};
/* End PBXVariantGroup section */

/* Begin XCBuildConfiguration section */
		D9DAAED32647CC81002F2724 /* Debug */ = {
			isa = XCBuildConfiguration;
			buildSettings = {
				ALWAYS_SEARCH_USER_PATHS = NO;
				CLANG_ANALYZER_NONNULL = YES;
				CLANG_ANALYZER_NUMBER_OBJECT_CONVERSION = YES_AGGRESSIVE;
				CLANG_CXX_LANGUAGE_STANDARD = "gnu++14";
				CLANG_CXX_LIBRARY = "libc++";
				CLANG_ENABLE_MODULES = YES;
				CLANG_ENABLE_OBJC_ARC = YES;
				CLANG_ENABLE_OBJC_WEAK = YES;
				CLANG_WARN_BLOCK_CAPTURE_AUTORELEASING = YES;
				CLANG_WARN_BOOL_CONVERSION = YES;
				CLANG_WARN_COMMA = YES;
				CLANG_WARN_CONSTANT_CONVERSION = YES;
				CLANG_WARN_DEPRECATED_OBJC_IMPLEMENTATIONS = YES;
				CLANG_WARN_DIRECT_OBJC_ISA_USAGE = YES_ERROR;
				CLANG_WARN_DOCUMENTATION_COMMENTS = YES;
				CLANG_WARN_EMPTY_BODY = YES;
				CLANG_WARN_ENUM_CONVERSION = YES;
				CLANG_WARN_INFINITE_RECURSION = YES;
				CLANG_WARN_INT_CONVERSION = YES;
				CLANG_WARN_NON_LITERAL_NULL_CONVERSION = YES;
				CLANG_WARN_OBJC_IMPLICIT_RETAIN_SELF = YES;
				CLANG_WARN_OBJC_LITERAL_CONVERSION = YES;
				CLANG_WARN_OBJC_ROOT_CLASS = YES_ERROR;
				CLANG_WARN_RANGE_LOOP_ANALYSIS = YES;
				CLANG_WARN_STRICT_PROTOTYPES = YES;
				CLANG_WARN_SUSPICIOUS_MOVE = YES;
				CLANG_WARN_UNGUARDED_AVAILABILITY = YES_AGGRESSIVE;
				CLANG_WARN_UNREACHABLE_CODE = YES;
				CLANG_WARN__DUPLICATE_METHOD_MATCH = YES;
				CODE_SIGN_IDENTITY = "iPhone Developer";
				COPY_PHASE_STRIP = NO;
				DEBUG_INFORMATION_FORMAT = dwarf;
				ENABLE_STRICT_OBJC_MSGSEND = YES;
				ENABLE_TESTABILITY = YES;
				GCC_C_LANGUAGE_STANDARD = gnu11;
				GCC_DYNAMIC_NO_PIC = NO;
				GCC_NO_COMMON_BLOCKS = YES;
				GCC_OPTIMIZATION_LEVEL = 0;
				GCC_PREPROCESSOR_DEFINITIONS = (
					"DEBUG=1",
					"$(inherited)",
				);
				GCC_WARN_64_TO_32_BIT_CONVERSION = YES;
				GCC_WARN_ABOUT_RETURN_TYPE = YES_ERROR;
				GCC_WARN_UNDECLARED_SELECTOR = YES;
				GCC_WARN_UNINITIALIZED_AUTOS = YES_AGGRESSIVE;
				GCC_WARN_UNUSED_FUNCTION = YES;
				GCC_WARN_UNUSED_VARIABLE = YES;
				IPHONEOS_DEPLOYMENT_TARGET = 12.1;
				MTL_ENABLE_DEBUG_INFO = INCLUDE_SOURCE;
				MTL_FAST_MATH = YES;
				ONLY_ACTIVE_ARCH = YES;
				SDKROOT = iphoneos;
				SWIFT_ACTIVE_COMPILATION_CONDITIONS = DEBUG;
				SWIFT_OPTIMIZATION_LEVEL = "-Onone";
			};
			name = Debug;
		};
		D9DAAED42647CC81002F2724 /* Release */ = {
			isa = XCBuildConfiguration;
			buildSettings = {
				ALWAYS_SEARCH_USER_PATHS = NO;
				CLANG_ANALYZER_NONNULL = YES;
				CLANG_ANALYZER_NUMBER_OBJECT_CONVERSION = YES_AGGRESSIVE;
				CLANG_CXX_LANGUAGE_STANDARD = "gnu++14";
				CLANG_CXX_LIBRARY = "libc++";
				CLANG_ENABLE_MODULES = YES;
				CLANG_ENABLE_OBJC_ARC = YES;
				CLANG_ENABLE_OBJC_WEAK = YES;
				CLANG_WARN_BLOCK_CAPTURE_AUTORELEASING = YES;
				CLANG_WARN_BOOL_CONVERSION = YES;
				CLANG_WARN_COMMA = YES;
				CLANG_WARN_CONSTANT_CONVERSION = YES;
				CLANG_WARN_DEPRECATED_OBJC_IMPLEMENTATIONS = YES;
				CLANG_WARN_DIRECT_OBJC_ISA_USAGE = YES_ERROR;
				CLANG_WARN_DOCUMENTATION_COMMENTS = YES;
				CLANG_WARN_EMPTY_BODY = YES;
				CLANG_WARN_ENUM_CONVERSION = YES;
				CLANG_WARN_INFINITE_RECURSION = YES;
				CLANG_WARN_INT_CONVERSION = YES;
				CLANG_WARN_NON_LITERAL_NULL_CONVERSION = YES;
				CLANG_WARN_OBJC_IMPLICIT_RETAIN_SELF = YES;
				CLANG_WARN_OBJC_LITERAL_CONVERSION = YES;
				CLANG_WARN_OBJC_ROOT_CLASS = YES_ERROR;
				CLANG_WARN_RANGE_LOOP_ANALYSIS = YES;
				CLANG_WARN_STRICT_PROTOTYPES = YES;
				CLANG_WARN_SUSPICIOUS_MOVE = YES;
				CLANG_WARN_UNGUARDED_AVAILABILITY = YES_AGGRESSIVE;
				CLANG_WARN_UNREACHABLE_CODE = YES;
				CLANG_WARN__DUPLICATE_METHOD_MATCH = YES;
				CODE_SIGN_IDENTITY = "iPhone Developer";
				COPY_PHASE_STRIP = NO;
				DEBUG_INFORMATION_FORMAT = "dwarf-with-dsym";
				ENABLE_NS_ASSERTIONS = NO;
				ENABLE_STRICT_OBJC_MSGSEND = YES;
				GCC_C_LANGUAGE_STANDARD = gnu11;
				GCC_NO_COMMON_BLOCKS = YES;
				GCC_WARN_64_TO_32_BIT_CONVERSION = YES;
				GCC_WARN_ABOUT_RETURN_TYPE = YES_ERROR;
				GCC_WARN_UNDECLARED_SELECTOR = YES;
				GCC_WARN_UNINITIALIZED_AUTOS = YES_AGGRESSIVE;
				GCC_WARN_UNUSED_FUNCTION = YES;
				GCC_WARN_UNUSED_VARIABLE = YES;
				IPHONEOS_DEPLOYMENT_TARGET = 12.1;
				MTL_ENABLE_DEBUG_INFO = NO;
				MTL_FAST_MATH = YES;
				SDKROOT = iphoneos;
				SWIFT_COMPILATION_MODE = wholemodule;
				SWIFT_OPTIMIZATION_LEVEL = "-O";
				VALIDATE_PRODUCT = YES;
			};
			name = Release;
		};
		D9DAAED62647CC81002F2724 /* Debug */ = {
			isa = XCBuildConfiguration;
			buildSettings = {
				ASSETCATALOG_COMPILER_APPICON_NAME = AppIcon;
				CODE_SIGN_STYLE = Automatic;
				DEVELOPMENT_TEAM = TSTJGR456H;
				INFOPLIST_FILE = homework10_2/Info.plist;
				LD_RUNPATH_SEARCH_PATHS = (
					"$(inherited)",
					"@executable_path/Frameworks",
				);
				PRODUCT_BUNDLE_IDENTIFIER = "mjw.homework10-2";
				PRODUCT_NAME = "$(TARGET_NAME)";
				SWIFT_VERSION = 4.2;
				TARGETED_DEVICE_FAMILY = "1,2";
			};
			name = Debug;
		};
		D9DAAED72647CC81002F2724 /* Release */ = {
			isa = XCBuildConfiguration;
			buildSettings = {
				ASSETCATALOG_COMPILER_APPICON_NAME = AppIcon;
				CODE_SIGN_STYLE = Automatic;
				DEVELOPMENT_TEAM = TSTJGR456H;
				INFOPLIST_FILE = homework10_2/Info.plist;
				LD_RUNPATH_SEARCH_PATHS = (
					"$(inherited)",
					"@executable_path/Frameworks",
				);
				PRODUCT_BUNDLE_IDENTIFIER = "mjw.homework10-2";
				PRODUCT_NAME = "$(TARGET_NAME)";
				SWIFT_VERSION = 4.2;
				TARGETED_DEVICE_FAMILY = "1,2";
			};
			name = Release;
		};
/* End XCBuildConfiguration section */

/* Begin XCConfigurationList section */
		D9DAAEBE2647CC7F002F2724 /* Build configuration list for PBXProject "homework10_2" */ = {
			isa = XCConfigurationList;
			buildConfigurations = (
				D9DAAED32647CC81002F2724 /* Debug */,
				D9DAAED42647CC81002F2724 /* Release */,
			);
			defaultConfigurationIsVisible = 0;
			defaultConfigurationName = Release;
		};
		D9DAAED52647CC81002F2724 /* Build configuration list for PBXNativeTarget "homework10_2" */ = {
			isa = XCConfigurationList;
			buildConfigurations = (
				D9DAAED62647CC81002F2724 /* Debug */,
				D9DAAED72647CC81002F2724 /* Release */,
			);
			defaultConfigurationIsVisible = 0;
			defaultConfigurationName = Release;
		};
/* End XCConfigurationList section */
	};
	rootObject = D9DAAEBB2647CC7F002F2724 /* Project object */;
}
