// !$*UTF8*$!
{
	archiveVersion = 1;
	classes = {
	};
	objectVersion = 50;
	objects = {

/* Begin PBXBuildFile section */
		D905F90D262AC2BF00BBE2F0 /* AppDelegate.swift in Sources */ = {isa = PBXBuildFile; fileRef = D905F90C262AC2BF00BBE2F0 /* AppDelegate.swift */; };
		D905F90F262AC2BF00BBE2F0 /* DetailViewController.swift in Sources */ = {isa = PBXBuildFile; fileRef = D905F90E262AC2BF00BBE2F0 /* DetailViewController.swift */; };
		D905F912262AC2BF00BBE2F0 /* Main.storyboard in Resources */ = {isa = PBXBuildFile; fileRef = D905F910262AC2BF00BBE2F0 /* Main.storyboard */; };
		D905F914262AC2C200BBE2F0 /* Assets.xcassets in Resources */ = {isa = PBXBuildFile; fileRef = D905F913262AC2C200BBE2F0 /* Assets.xcassets */; };
		D905F917262AC2C200BBE2F0 /* LaunchScreen.storyboard in Resources */ = {isa = PBXBuildFile; fileRef = D905F915262AC2C200BBE2F0 /* LaunchScreen.storyboard */; };
		D905F91F262AC39D00BBE2F0 /* MasterTableViewController.swift in Sources */ = {isa = PBXBuildFile; fileRef = D905F91E262AC39D00BBE2F0 /* MasterTableViewController.swift */; };
		D97768E2262ACF2D00695A50 /* SearchResultTableViewController.swift in Sources */ = {isa = PBXBuildFile; fileRef = D97768E1262ACF2D00695A50 /* SearchResultTableViewController.swift */; };
		D97768E4262ACFA400695A50 /* Student.swift in Sources */ = {isa = PBXBuildFile; fileRef = D97768E3262ACFA400695A50 /* Student.swift */; };
		D97768E6262AD1D200695A50 /* JsonFile.swift in Sources */ = {isa = PBXBuildFile; fileRef = D97768E5262AD1D200695A50 /* JsonFile.swift */; };
/* End PBXBuildFile section */

/* Begin PBXFileReference section */
		D905F909262AC2BF00BBE2F0 /* homework7.app */ = {isa = PBXFileReference; explicitFileType = wrapper.application; includeInIndex = 0; path = homework7.app; sourceTree = BUILT_PRODUCTS_DIR; };
		D905F90C262AC2BF00BBE2F0 /* AppDelegate.swift */ = {isa = PBXFileReference; lastKnownFileType = sourcecode.swift; path = AppDelegate.swift; sourceTree = "<group>"; };
		D905F90E262AC2BF00BBE2F0 /* DetailViewController.swift */ = {isa = PBXFileReference; lastKnownFileType = sourcecode.swift; path = DetailViewController.swift; sourceTree = "<group>"; };
		D905F911262AC2BF00BBE2F0 /* Base */ = {isa = PBXFileReference; lastKnownFileType = file.storyboard; name = Base; path = Base.lproj/Main.storyboard; sourceTree = "<group>"; };
		D905F913262AC2C200BBE2F0 /* Assets.xcassets */ = {isa = PBXFileReference; lastKnownFileType = folder.assetcatalog; path = Assets.xcassets; sourceTree = "<group>"; };
		D905F916262AC2C200BBE2F0 /* Base */ = {isa = PBXFileReference; lastKnownFileType = file.storyboard; name = Base; path = Base.lproj/LaunchScreen.storyboard; sourceTree = "<group>"; };
		D905F918262AC2C200BBE2F0 /* Info.plist */ = {isa = PBXFileReference; lastKnownFileType = text.plist.xml; path = Info.plist; sourceTree = "<group>"; };
		D905F91E262AC39D00BBE2F0 /* MasterTableViewController.swift */ = {isa = PBXFileReference; lastKnownFileType = sourcecode.swift; path = MasterTableViewController.swift; sourceTree = "<group>"; };
		D97768E1262ACF2D00695A50 /* SearchResultTableViewController.swift */ = {isa = PBXFileReference; lastKnownFileType = sourcecode.swift; path = SearchResultTableViewController.swift; sourceTree = "<group>"; };
		D97768E3262ACFA400695A50 /* Student.swift */ = {isa = PBXFileReference; lastKnownFileType = sourcecode.swift; path = Student.swift; sourceTree = "<group>"; };
		D97768E5262AD1D200695A50 /* JsonFile.swift */ = {isa = PBXFileReference; lastKnownFileType = sourcecode.swift; path = JsonFile.swift; sourceTree = "<group>"; };
/* End PBXFileReference section */

/* Begin PBXFrameworksBuildPhase section */
		D905F906262AC2BF00BBE2F0 /* Frameworks */ = {
			isa = PBXFrameworksBuildPhase;
			buildActionMask = 2147483647;
			files = (
			);
			runOnlyForDeploymentPostprocessing = 0;
		};
/* End PBXFrameworksBuildPhase section */

/* Begin PBXGroup section */
		D905F900262AC2BF00BBE2F0 = {
			isa = PBXGroup;
			children = (
				D905F90B262AC2BF00BBE2F0 /* homework7 */,
				D905F90A262AC2BF00BBE2F0 /* Products */,
			);
			sourceTree = "<group>";
		};
		D905F90A262AC2BF00BBE2F0 /* Products */ = {
			isa = PBXGroup;
			children = (
				D905F909262AC2BF00BBE2F0 /* homework7.app */,
			);
			name = Products;
			sourceTree = "<group>";
		};
		D905F90B262AC2BF00BBE2F0 /* homework7 */ = {
			isa = PBXGroup;
			children = (
				D905F90C262AC2BF00BBE2F0 /* AppDelegate.swift */,
				D905F90E262AC2BF00BBE2F0 /* DetailViewController.swift */,
				D905F910262AC2BF00BBE2F0 /* Main.storyboard */,
				D97768E1262ACF2D00695A50 /* SearchResultTableViewController.swift */,
				D97768E3262ACFA400695A50 /* Student.swift */,
				D97768E5262AD1D200695A50 /* JsonFile.swift */,
				D905F91E262AC39D00BBE2F0 /* MasterTableViewController.swift */,
				D905F913262AC2C200BBE2F0 /* Assets.xcassets */,
				D905F915262AC2C200BBE2F0 /* LaunchScreen.storyboard */,
				D905F918262AC2C200BBE2F0 /* Info.plist */,
			);
			path = homework7;
			sourceTree = "<group>";
		};
/* End PBXGroup section */

/* Begin PBXNativeTarget section */
		D905F908262AC2BF00BBE2F0 /* homework7 */ = {
			isa = PBXNativeTarget;
			buildConfigurationList = D905F91B262AC2C200BBE2F0 /* Build configuration list for PBXNativeTarget "homework7" */;
			buildPhases = (
				D905F905262AC2BF00BBE2F0 /* Sources */,
				D905F906262AC2BF00BBE2F0 /* Frameworks */,
				D905F907262AC2BF00BBE2F0 /* Resources */,
			);
			buildRules = (
			);
			dependencies = (
			);
			name = homework7;
			productName = homework7;
			productReference = D905F909262AC2BF00BBE2F0 /* homework7.app */;
			productType = "com.apple.product-type.application";
		};
/* End PBXNativeTarget section */

/* Begin PBXProject section */
		D905F901262AC2BF00BBE2F0 /* Project object */ = {
			isa = PBXProject;
			attributes = {
				LastSwiftUpdateCheck = 1010;
				LastUpgradeCheck = 1010;
				ORGANIZATIONNAME = 0commander;
				TargetAttributes = {
					D905F908262AC2BF00BBE2F0 = {
						CreatedOnToolsVersion = 10.1;
					};
				};
			};
			buildConfigurationList = D905F904262AC2BF00BBE2F0 /* Build configuration list for PBXProject "homework7" */;
			compatibilityVersion = "Xcode 9.3";
			developmentRegion = en;
			hasScannedForEncodings = 0;
			knownRegions = (
				en,
				Base,
			);
			mainGroup = D905F900262AC2BF00BBE2F0;
			productRefGroup = D905F90A262AC2BF00BBE2F0 /* Products */;
			projectDirPath = "";
			projectRoot = "";
			targets = (
				D905F908262AC2BF00BBE2F0 /* homework7 */,
			);
		};
/* End PBXProject section */

/* Begin PBXResourcesBuildPhase section */
		D905F907262AC2BF00BBE2F0 /* Resources */ = {
			isa = PBXResourcesBuildPhase;
			buildActionMask = 2147483647;
			files = (
				D905F917262AC2C200BBE2F0 /* LaunchScreen.storyboard in Resources */,
				D905F914262AC2C200BBE2F0 /* Assets.xcassets in Resources */,
				D905F912262AC2BF00BBE2F0 /* Main.storyboard in Resources */,
			);
			runOnlyForDeploymentPostprocessing = 0;
		};
/* End PBXResourcesBuildPhase section */

/* Begin PBXSourcesBuildPhase section */
		D905F905262AC2BF00BBE2F0 /* Sources */ = {
			isa = PBXSourcesBuildPhase;
			buildActionMask = 2147483647;
			files = (
				D97768E2262ACF2D00695A50 /* SearchResultTableViewController.swift in Sources */,
				D905F90F262AC2BF00BBE2F0 /* DetailViewController.swift in Sources */,
				D905F91F262AC39D00BBE2F0 /* MasterTableViewController.swift in Sources */,
				D97768E6262AD1D200695A50 /* JsonFile.swift in Sources */,
				D97768E4262ACFA400695A50 /* Student.swift in Sources */,
				D905F90D262AC2BF00BBE2F0 /* AppDelegate.swift in Sources */,
			);
			runOnlyForDeploymentPostprocessing = 0;
		};
/* End PBXSourcesBuildPhase section */

/* Begin PBXVariantGroup section */
		D905F910262AC2BF00BBE2F0 /* Main.storyboard */ = {
			isa = PBXVariantGroup;
			children = (
				D905F911262AC2BF00BBE2F0 /* Base */,
			);
			name = Main.storyboard;
			sourceTree = "<group>";
		};
		D905F915262AC2C200BBE2F0 /* LaunchScreen.storyboard */ = {
			isa = PBXVariantGroup;
			children = (
				D905F916262AC2C200BBE2F0 /* Base */,
			);
			name = LaunchScreen.storyboard;
			sourceTree = "<group>";
		};
/* End PBXVariantGroup section */

/* Begin XCBuildConfiguration section */
		D905F919262AC2C200BBE2F0 /* Debug */ = {
			isa = XCBuildConfiguration;
			buildSettings = {
				ALWAYS_SEARCH_USER_PATHS = NO;
				CLANG_ANALYZER_NONNULL = YES;
				CLANG_ANALYZER_NUMBER_OBJECT_CONVERSION = YES_AGGRESSIVE;
				CLANG_CXX_LANGUAGE_STANDARD = "gnu++14";
				CLANG_CXX_LIBRARY = "libc++";
				CLANG_ENABLE_MODULES = YES;
				CLANG_ENABLE_OBJC_ARC = YES;
				CLANG_ENABLE_OBJC_WEAK = YES;
				CLANG_WARN_BLOCK_CAPTURE_AUTORELEASING = YES;
				CLANG_WARN_BOOL_CONVERSION = YES;
				CLANG_WARN_COMMA = YES;
				CLANG_WARN_CONSTANT_CONVERSION = YES;
				CLANG_WARN_DEPRECATED_OBJC_IMPLEMENTATIONS = YES;
				CLANG_WARN_DIRECT_OBJC_ISA_USAGE = YES_ERROR;
				CLANG_WARN_DOCUMENTATION_COMMENTS = YES;
				CLANG_WARN_EMPTY_BODY = YES;
				CLANG_WARN_ENUM_CONVERSION = YES;
				CLANG_WARN_INFINITE_RECURSION = YES;
				CLANG_WARN_INT_CONVERSION = YES;
				CLANG_WARN_NON_LITERAL_NULL_CONVERSION = YES;
				CLANG_WARN_OBJC_IMPLICIT_RETAIN_SELF = YES;
				CLANG_WARN_OBJC_LITERAL_CONVERSION = YES;
				CLANG_WARN_OBJC_ROOT_CLASS = YES_ERROR;
				CLANG_WARN_RANGE_LOOP_ANALYSIS = YES;
				CLANG_WARN_STRICT_PROTOTYPES = YES;
				CLANG_WARN_SUSPICIOUS_MOVE = YES;
				CLANG_WARN_UNGUARDED_AVAILABILITY = YES_AGGRESSIVE;
				CLANG_WARN_UNREACHABLE_CODE = YES;
				CLANG_WARN__DUPLICATE_METHOD_MATCH = YES;
				CODE_SIGN_IDENTITY = "iPhone Developer";
				COPY_PHASE_STRIP = NO;
				DEBUG_INFORMATION_FORMAT = dwarf;
				ENABLE_STRICT_OBJC_MSGSEND = YES;
				ENABLE_TESTABILITY = YES;
				GCC_C_LANGUAGE_STANDARD = gnu11;
				GCC_DYNAMIC_NO_PIC = NO;
				GCC_NO_COMMON_BLOCKS = YES;
				GCC_OPTIMIZATION_LEVEL = 0;
				GCC_PREPROCESSOR_DEFINITIONS = (
					"DEBUG=1",
					"$(inherited)",
				);
				GCC_WARN_64_TO_32_BIT_CONVERSION = YES;
				GCC_WARN_ABOUT_RETURN_TYPE = YES_ERROR;
				GCC_WARN_UNDECLARED_SELECTOR = YES;
				GCC_WARN_UNINITIALIZED_AUTOS = YES_AGGRESSIVE;
				GCC_WARN_UNUSED_FUNCTION = YES;
				GCC_WARN_UNUSED_VARIABLE = YES;
				IPHONEOS_DEPLOYMENT_TARGET = 12.1;
				MTL_ENABLE_DEBUG_INFO = INCLUDE_SOURCE;
				MTL_FAST_MATH = YES;
				ONLY_ACTIVE_ARCH = YES;
				SDKROOT = iphoneos;
				SWIFT_ACTIVE_COMPILATION_CONDITIONS = DEBUG;
				SWIFT_OPTIMIZATION_LEVEL = "-Onone";
			};
			name = Debug;
		};
		D905F91A262AC2C200BBE2F0 /* Release */ = {
			isa = XCBuildConfiguration;
			buildSettings = {
				ALWAYS_SEARCH_USER_PATHS = NO;
				CLANG_ANALYZER_NONNULL = YES;
				CLANG_ANALYZER_NUMBER_OBJECT_CONVERSION = YES_AGGRESSIVE;
				CLANG_CXX_LANGUAGE_STANDARD = "gnu++14";
				CLANG_CXX_LIBRARY = "libc++";
				CLANG_ENABLE_MODULES = YES;
				CLANG_ENABLE_OBJC_ARC = YES;
				CLANG_ENABLE_OBJC_WEAK = YES;
				CLANG_WARN_BLOCK_CAPTURE_AUTORELEASING = YES;
				CLANG_WARN_BOOL_CONVERSION = YES;
				CLANG_WARN_COMMA = YES;
				CLANG_WARN_CONSTANT_CONVERSION = YES;
				CLANG_WARN_DEPRECATED_OBJC_IMPLEMENTATIONS = YES;
				CLANG_WARN_DIRECT_OBJC_ISA_USAGE = YES_ERROR;
				CLANG_WARN_DOCUMENTATION_COMMENTS = YES;
				CLANG_WARN_EMPTY_BODY = YES;
				CLANG_WARN_ENUM_CONVERSION = YES;
				CLANG_WARN_INFINITE_RECURSION = YES;
				CLANG_WARN_INT_CONVERSION = YES;
				CLANG_WARN_NON_LITERAL_NULL_CONVERSION = YES;
				CLANG_WARN_OBJC_IMPLICIT_RETAIN_SELF = YES;
				CLANG_WARN_OBJC_LITERAL_CONVERSION = YES;
				CLANG_WARN_OBJC_ROOT_CLASS = YES_ERROR;
				CLANG_WARN_RANGE_LOOP_ANALYSIS = YES;
				CLANG_WARN_STRICT_PROTOTYPES = YES;
				CLANG_WARN_SUSPICIOUS_MOVE = YES;
				CLANG_WARN_UNGUARDED_AVAILABILITY = YES_AGGRESSIVE;
				CLANG_WARN_UNREACHABLE_CODE = YES;
				CLANG_WARN__DUPLICATE_METHOD_MATCH = YES;
				CODE_SIGN_IDENTITY = "iPhone Developer";
				COPY_PHASE_STRIP = NO;
				DEBUG_INFORMATION_FORMAT = "dwarf-with-dsym";
				ENABLE_NS_ASSERTIONS = NO;
				ENABLE_STRICT_OBJC_MSGSEND = YES;
				GCC_C_LANGUAGE_STANDARD = gnu11;
				GCC_NO_COMMON_BLOCKS = YES;
				GCC_WARN_64_TO_32_BIT_CONVERSION = YES;
				GCC_WARN_ABOUT_RETURN_TYPE = YES_ERROR;
				GCC_WARN_UNDECLARED_SELECTOR = YES;
				GCC_WARN_UNINITIALIZED_AUTOS = YES_AGGRESSIVE;
				GCC_WARN_UNUSED_FUNCTION = YES;
				GCC_WARN_UNUSED_VARIABLE = YES;
				IPHONEOS_DEPLOYMENT_TARGET = 12.1;
				MTL_ENABLE_DEBUG_INFO = NO;
				MTL_FAST_MATH = YES;
				SDKROOT = iphoneos;
				SWIFT_COMPILATION_MODE = wholemodule;
				SWIFT_OPTIMIZATION_LEVEL = "-O";
				VALIDATE_PRODUCT = YES;
			};
			name = Release;
		};
		D905F91C262AC2C200BBE2F0 /* Debug */ = {
			isa = XCBuildConfiguration;
			buildSettings = {
				ASSETCATALOG_COMPILER_APPICON_NAME = AppIcon;
				CODE_SIGN_STYLE = Automatic;
				DEVELOPMENT_TEAM = TSTJGR456H;
				INFOPLIST_FILE = homework7/Info.plist;
				LD_RUNPATH_SEARCH_PATHS = (
					"$(inherited)",
					"@executable_path/Frameworks",
				);
				PRODUCT_BUNDLE_IDENTIFIER = mjw.homework7;
				PRODUCT_NAME = "$(TARGET_NAME)";
				SWIFT_VERSION = 4.2;
				TARGETED_DEVICE_FAMILY = "1,2";
			};
			name = Debug;
		};
		D905F91D262AC2C200BBE2F0 /* Release */ = {
			isa = XCBuildConfiguration;
			buildSettings = {
				ASSETCATALOG_COMPILER_APPICON_NAME = AppIcon;
				CODE_SIGN_STYLE = Automatic;
				DEVELOPMENT_TEAM = TSTJGR456H;
				INFOPLIST_FILE = homework7/Info.plist;
				LD_RUNPATH_SEARCH_PATHS = (
					"$(inherited)",
					"@executable_path/Frameworks",
				);
				PRODUCT_BUNDLE_IDENTIFIER = mjw.homework7;
				PRODUCT_NAME = "$(TARGET_NAME)";
				SWIFT_VERSION = 4.2;
				TARGETED_DEVICE_FAMILY = "1,2";
			};
			name = Release;
		};
/* End XCBuildConfiguration section */

/* Begin XCConfigurationList section */
		D905F904262AC2BF00BBE2F0 /* Build configuration list for PBXProject "homework7" */ = {
			isa = XCConfigurationList;
			buildConfigurations = (
				D905F919262AC2C200BBE2F0 /* Debug */,
				D905F91A262AC2C200BBE2F0 /* Release */,
			);
			defaultConfigurationIsVisible = 0;
			defaultConfigurationName = Release;
		};
		D905F91B262AC2C200BBE2F0 /* Build configuration list for PBXNativeTarget "homework7" */ = {
			isa = XCConfigurationList;
			buildConfigurations = (
				D905F91C262AC2C200BBE2F0 /* Debug */,
				D905F91D262AC2C200BBE2F0 /* Release */,
			);
			defaultConfigurationIsVisible = 0;
			defaultConfigurationName = Release;
		};
/* End XCConfigurationList section */
	};
	rootObject = D905F901262AC2BF00BBE2F0 /* Project object */;
}
